github.com/google/go-cmp v0.5.2/go.mod h1:v8dTdLbMG2kIc/vJvl+f65V22dbkXbowE6jgT/gNBxE=
github.com/google/go-github/v61 v61.0.0 h1:VwQCBwhyE9JclCI+22/7mLB1PuU9eowCXKY5pNlu1go=
github.com/google/go-github/v61 v61.0.0/go.mod h1:0WR+KmsWX75G2EbpyGsGmradjo3IiciuI4BmdVCobQY=
github.com/google/go-querystring v1.1.0 h1:AnCroh3fv4ZBgVIf1Iwtovgjaw/GiKJo8M8yD/fhyJ8=
github.com/google/go-querystring v1.1.0/go.mod h1:Kcdr2DB4koayq7X8pmAG4sNG59So17icRSOU623lUBU=
github.com/neongreen/mono/lib/ghclient v0.0.0 h1:TBYNusPrrorbgK8voJu9Bw3+31doWezrKT8WaMCeTIY=
github.com/neongreen/mono/lib/ghclient v0.0.0/go.mod h1:05uoqgJ3bRKa97k9iHTSuY0UQ+TTXbgSH4ChggkZGx4=
github.com/neongreen/mono/lib/ghrelease v0.0.0-20251026114155-13f77e63a1cc h1:K8OsEocgE/OTq1YeKAhlgZ7z5WvUut5wARr1fzWRDOQ=
github.com/neongreen/mono/lib/ghrelease v0.0.0-20251026114155-13f77e63a1cc/go.mod h1:qPf5oIFFb6KTxCZiJeZ3TkC4fkNRsLAz2E170wYnMmk=
golang.org/x/oauth2 v0.26.0 h1:afQXWNNaeC4nvZ0Ed9XvCCzXM6UHJG7iCg0W4fPqSBE=
golang.org/x/oauth2 v0.26.0/go.mod h1:XYTD2NtWslqkgxebSiOHnXEap4TF09sJSc7H1sXbhtI=
golang.org/x/xerrors v0.0.0-20191204190536-9bdfabe68543/go.mod h1:I/5z698sn9Ka8TeJc9MKroUUfqBBauWjQqLJ2OPfmY0=
